
Microsoft Visual Studio Solution File, Format Version 12.00
# Visual Studio Version 16
VisualStudioVersion = 16.0.30523.141
MinimumVisualStudioVersion = 10.0.40219.1
Project("{9A19103F-16F7-4668-BE54-9A1E7A4F7556}") = "HelloCore", "HelloCore\HelloCore.csproj", "{6D92A617-9251-4F5B-A9E8-E057BFF1E27F}"
EndProject
Project("{FAE04EC0-301F-11D3-BF4B-00C04F79EFBC}") = "SimpleHttpServer", "SimpleHttpServer\SimpleHttpServer.csproj", "{56A8F041-C698-4BBA-9AAC-21BFD60FDC20}"
EndProject
Project("{FAE04EC0-301F-11D3-BF4B-00C04F79EFBC}") = "BasicServer", "BasicServer\BasicServer.csproj", "{BF47EE13-AFE1-4D28-9CFA-2628924CD369}"
EndProject
Project("{FAE04EC0-301F-11D3-BF4B-00C04F79EFBC}") = "AsyncAwait", "AsyncAwait\AsyncAwait.csproj", "{76542594-8446-4100-A7F4-85854BA409BD}"
EndProject
Global
	GlobalSection(SolutionConfigurationPlatforms) = preSolution
		Debug|Any CPU = Debug|Any CPU
		Release|Any CPU = Release|Any CPU
	EndGlobalSection
	GlobalSection(ProjectConfigurationPlatforms) = postSolution
		{6D92A617-9251-4F5B-A9E8-E057BFF1E27F}.Debug|Any CPU.ActiveCfg = Debug|Any CPU
		{6D92A617-9251-4F5B-A9E8-E057BFF1E27F}.Debug|Any CPU.Build.0 = Debug|Any CPU
		{6D92A617-9251-4F5B-A9E8-E057BFF1E27F}.Release|Any CPU.ActiveCfg = Release|Any CPU
		{6D92A617-9251-4F5B-A9E8-E057BFF1E27F}.Release|Any CPU.Build.0 = Release|Any CPU
		{56A8F041-C698-4BBA-9AAC-21BFD60FDC20}.Debug|Any CPU.ActiveCfg = Debug|Any CPU
		{56A8F041-C698-4BBA-9AAC-21BFD60FDC20}.Debug|Any CPU.Build.0 = Debug|Any CPU
		{56A8F041-C698-4BBA-9AAC-21BFD60FDC20}.Release|Any CPU.ActiveCfg = Release|Any CPU
		{56A8F041-C698-4BBA-9AAC-21BFD60FDC20}.Release|Any CPU.Build.0 = Release|Any CPU
		{BF47EE13-AFE1-4D28-9CFA-2628924CD369}.Debug|Any CPU.ActiveCfg = Debug|Any CPU
		{BF47EE13-AFE1-4D28-9CFA-2628924CD369}.Debug|Any CPU.Build.0 = Debug|Any CPU
		{BF47EE13-AFE1-4D28-9CFA-2628924CD369}.Release|Any CPU.ActiveCfg = Release|Any CPU
		{BF47EE13-AFE1-4D28-9CFA-2628924CD369}.Release|Any CPU.Build.0 = Release|Any CPU
		{76542594-8446-4100-A7F4-85854BA409BD}.Debug|Any CPU.ActiveCfg = Debug|Any CPU
		{76542594-8446-4100-A7F4-85854BA409BD}.Debug|Any CPU.Build.0 = Debug|Any CPU
		{76542594-8446-4100-A7F4-85854BA409BD}.Release|Any CPU.ActiveCfg = Release|Any CPU
		{76542594-8446-4100-A7F4-85854BA409BD}.Release|Any CPU.Build.0 = Release|Any CPU
	EndGlobalSection
	GlobalSection(SolutionProperties) = preSolution
		HideSolutionNode = FALSE
	EndGlobalSection
	GlobalSection(ExtensibilityGlobals) = postSolution
		SolutionGuid = {8B67E763-E001-4014-879A-CB346E9DE718}
	EndGlobalSection
EndGlobal
