
Microsoft Visual Studio Solution File, Format Version 12.00
# Visual Studio Version 16
VisualStudioVersion = 16.0.30523.141
MinimumVisualStudioVersion = 10.0.40219.1
Project("{FAE04EC0-301F-11D3-BF4B-00C04F79EFBC}") = "BooksWeb", "BooksWeb\BooksWeb.csproj", "{26B3A92E-7BE8-477B-9422-36CFFC8CF60B}"
EndProject
Project("{FAE04EC0-301F-11D3-BF4B-00C04F79EFBC}") = "ConceptArchitect.BookManagement", "ConceptArchitect.BookManagement\ConceptArchitect.BookManagement.csproj", "{C2826A1D-2C31-4011-99E3-5E5A113715A7}"
EndProject
Project("{FAE04EC0-301F-11D3-BF4B-00C04F79EFBC}") = "ConceptArchitect.Utils", "ConceptArchitect.Utils\ConceptArchitect.Utils.csproj", "{A164F87D-8EBD-4120-99CC-21437EDC5713}"
EndProject
Project("{FAE04EC0-301F-11D3-BF4B-00C04F79EFBC}") = "ConceptArchitect.BookManagement.Repositories.FlatFileRepository", "ConceptArchitect.BookManagement.Repositories.FlatFileRepository\ConceptArchitect.BookManagement.Repositories.FlatFileRepository.csproj", "{B3BF8DD5-A25B-4925-A920-4BF8763EDEB9}"
EndProject
Global
	GlobalSection(SolutionConfigurationPlatforms) = preSolution
		Debug|Any CPU = Debug|Any CPU
		Release|Any CPU = Release|Any CPU
	EndGlobalSection
	GlobalSection(ProjectConfigurationPlatforms) = postSolution
		{26B3A92E-7BE8-477B-9422-36CFFC8CF60B}.Debug|Any CPU.ActiveCfg = Debug|Any CPU
		{26B3A92E-7BE8-477B-9422-36CFFC8CF60B}.Debug|Any CPU.Build.0 = Debug|Any CPU
		{26B3A92E-7BE8-477B-9422-36CFFC8CF60B}.Release|Any CPU.ActiveCfg = Release|Any CPU
		{26B3A92E-7BE8-477B-9422-36CFFC8CF60B}.Release|Any CPU.Build.0 = Release|Any CPU
		{C2826A1D-2C31-4011-99E3-5E5A113715A7}.Debug|Any CPU.ActiveCfg = Debug|Any CPU
		{C2826A1D-2C31-4011-99E3-5E5A113715A7}.Debug|Any CPU.Build.0 = Debug|Any CPU
		{C2826A1D-2C31-4011-99E3-5E5A113715A7}.Release|Any CPU.ActiveCfg = Release|Any CPU
		{C2826A1D-2C31-4011-99E3-5E5A113715A7}.Release|Any CPU.Build.0 = Release|Any CPU
		{A164F87D-8EBD-4120-99CC-21437EDC5713}.Debug|Any CPU.ActiveCfg = Debug|Any CPU
		{A164F87D-8EBD-4120-99CC-21437EDC5713}.Debug|Any CPU.Build.0 = Debug|Any CPU
		{A164F87D-8EBD-4120-99CC-21437EDC5713}.Release|Any CPU.ActiveCfg = Release|Any CPU
		{A164F87D-8EBD-4120-99CC-21437EDC5713}.Release|Any CPU.Build.0 = Release|Any CPU
		{B3BF8DD5-A25B-4925-A920-4BF8763EDEB9}.Debug|Any CPU.ActiveCfg = Debug|Any CPU
		{B3BF8DD5-A25B-4925-A920-4BF8763EDEB9}.Debug|Any CPU.Build.0 = Debug|Any CPU
		{B3BF8DD5-A25B-4925-A920-4BF8763EDEB9}.Release|Any CPU.ActiveCfg = Release|Any CPU
		{B3BF8DD5-A25B-4925-A920-4BF8763EDEB9}.Release|Any CPU.Build.0 = Release|Any CPU
	EndGlobalSection
	GlobalSection(SolutionProperties) = preSolution
		HideSolutionNode = FALSE
	EndGlobalSection
	GlobalSection(ExtensibilityGlobals) = postSolution
		SolutionGuid = {BAD9AA48-FFF0-4A69-BDAB-B8E6BDC19141}
	EndGlobalSection
EndGlobal
